
Microsoft Visual Studio Solution File, Format Version 12.00
# Visual Studio 15
VisualStudioVersion = 15.0.28307.271
MinimumVisualStudioVersion = 10.0.40219.1
Project("{FAE04EC0-301F-11D3-BF4B-00C04F79EFBC}") = "Pandora.Core", "Pandora.Core\Pandora.Core.csproj", "{F751778B-69BB-4E51-99EA-B3DEE6CC6EBD}"
EndProject
Project("{FAE04EC0-301F-11D3-BF4B-00C04F79EFBC}") = "Pandora.Model", "Pandora.Model\Pandora.Model.csproj", "{45F0A3BE-6C17-4455-9B43-9F04B615FB6C}"
EndProject
Project("{FAE04EC0-301F-11D3-BF4B-00C04F79EFBC}") = "Pandora.Service", "Pandora.Service\Pandora.Service.csproj", "{A12EF2D8-2217-4990-BC77-CCAA5C97B33F}"
EndProject
Project("{FAE04EC0-301F-11D3-BF4B-00C04F79EFBC}") = "Pandora.UI", "Pandora.UI\Pandora.UI.csproj", "{93CC7A47-6887-4BF2-8A0F-052C9283F7D5}"
EndProject
Global
	GlobalSection(SolutionConfigurationPlatforms) = preSolution
		Debug|Any CPU = Debug|Any CPU
		Release|Any CPU = Release|Any CPU
	EndGlobalSection
	GlobalSection(ProjectConfigurationPlatforms) = postSolution
		{F751778B-69BB-4E51-99EA-B3DEE6CC6EBD}.Debug|Any CPU.ActiveCfg = Debug|Any CPU
		{F751778B-69BB-4E51-99EA-B3DEE6CC6EBD}.Debug|Any CPU.Build.0 = Debug|Any CPU
		{F751778B-69BB-4E51-99EA-B3DEE6CC6EBD}.Release|Any CPU.ActiveCfg = Release|Any CPU
		{F751778B-69BB-4E51-99EA-B3DEE6CC6EBD}.Release|Any CPU.Build.0 = Release|Any CPU
		{45F0A3BE-6C17-4455-9B43-9F04B615FB6C}.Debug|Any CPU.ActiveCfg = Debug|Any CPU
		{45F0A3BE-6C17-4455-9B43-9F04B615FB6C}.Debug|Any CPU.Build.0 = Debug|Any CPU
		{45F0A3BE-6C17-4455-9B43-9F04B615FB6C}.Release|Any CPU.ActiveCfg = Release|Any CPU
		{45F0A3BE-6C17-4455-9B43-9F04B615FB6C}.Release|Any CPU.Build.0 = Release|Any CPU
		{A12EF2D8-2217-4990-BC77-CCAA5C97B33F}.Debug|Any CPU.ActiveCfg = Debug|Any CPU
		{A12EF2D8-2217-4990-BC77-CCAA5C97B33F}.Debug|Any CPU.Build.0 = Debug|Any CPU
		{A12EF2D8-2217-4990-BC77-CCAA5C97B33F}.Release|Any CPU.ActiveCfg = Release|Any CPU
		{A12EF2D8-2217-4990-BC77-CCAA5C97B33F}.Release|Any CPU.Build.0 = Release|Any CPU
		{93CC7A47-6887-4BF2-8A0F-052C9283F7D5}.Debug|Any CPU.ActiveCfg = Debug|Any CPU
		{93CC7A47-6887-4BF2-8A0F-052C9283F7D5}.Debug|Any CPU.Build.0 = Debug|Any CPU
		{93CC7A47-6887-4BF2-8A0F-052C9283F7D5}.Release|Any CPU.ActiveCfg = Release|Any CPU
		{93CC7A47-6887-4BF2-8A0F-052C9283F7D5}.Release|Any CPU.Build.0 = Release|Any CPU
	EndGlobalSection
	GlobalSection(SolutionProperties) = preSolution
		HideSolutionNode = FALSE
	EndGlobalSection
	GlobalSection(ExtensibilityGlobals) = postSolution
		SolutionGuid = {4CD459BA-37E7-46B4-9E99-3FAAB157CA27}
	EndGlobalSection
EndGlobal
